// !$*UTF8*$!
{
	archiveVersion = 1;
	classes = {
	};
	objectVersion = 56;
	objects = {

/* Begin PBXBuildFile section */
		0516167329BEA03B008FFEF2 /* zip.hpp in Headers */ = {isa = PBXBuildFile; fileRef = 0516166F29BEA03B008FFEF2 /* zip.hpp */; };
		0516167429BEA03B008FFEF2 /* unzip.cpp in Sources */ = {isa = PBXBuildFile; fileRef = 0516167029BEA03B008FFEF2 /* unzip.cpp */; };
		0516167529BEA03B008FFEF2 /* unzip.hpp in Headers */ = {isa = PBXBuildFile; fileRef = 0516167129BEA03B008FFEF2 /* unzip.hpp */; };
		0516167629BEA03B008FFEF2 /* zip.cpp in Sources */ = {isa = PBXBuildFile; fileRef = 0516167229BEA03B008FFEF2 /* zip.cpp */; };
/* End PBXBuildFile section */

/* Begin PBXContainerItemProxy section */
		0516167C29BEA06F008FFEF2 /* PBXContainerItemProxy */ = {
			isa = PBXContainerItemProxy;
			containerPortal = 0516167829BEA06F008FFEF2 /* minizip.xcodeproj */;
			proxyType = 2;
			remoteGlobalIDString = 0516105A29BE9E93008FFEF2;
			remoteInfo = minizip;
		};
/* End PBXContainerItemProxy section */

/* Begin PBXFileReference section */
		0516166029BEA01D008FFEF2 /* libzipwrapped.a */ = {isa = PBXFileReference; explicitFileType = archive.ar; includeInIndex = 0; path = libzipwrapped.a; sourceTree = BUILT_PRODUCTS_DIR; };
		0516166F29BEA03B008FFEF2 /* zip.hpp */ = {isa = PBXFileReference; fileEncoding = 4; lastKnownFileType = sourcecode.cpp.h; path = zip.hpp; sourceTree = "<group>"; };
		0516167029BEA03B008FFEF2 /* unzip.cpp */ = {isa = PBXFileReference; fileEncoding = 4; lastKnownFileType = sourcecode.cpp.cpp; path = unzip.cpp; sourceTree = "<group>"; };
		0516167129BEA03B008FFEF2 /* unzip.hpp */ = {isa = PBXFileReference; fileEncoding = 4; lastKnownFileType = sourcecode.cpp.h; path = unzip.hpp; sourceTree = "<group>"; };
		0516167229BEA03B008FFEF2 /* zip.cpp */ = {isa = PBXFileReference; fileEncoding = 4; lastKnownFileType = sourcecode.cpp.cpp; path = zip.cpp; sourceTree = "<group>"; };
		0516167829BEA06F008FFEF2 /* minizip.xcodeproj */ = {isa = PBXFileReference; lastKnownFileType = "wrapper.pb-project"; name = minizip.xcodeproj; path = ../../AMFSample/minizip/minizip.xcodeproj; sourceTree = "<group>"; };
		054263E02BCF3F2500F35189 /* README.md */ = {isa = PBXFileReference; lastKnownFileType = net.daringfireball.markdown; path = README.md; sourceTree = "<group>"; };
		054263E22BCF400800F35189 /* .gitignore */ = {isa = PBXFileReference; lastKnownFileType = text; path = .gitignore; sourceTree = "<group>"; };
		054263E42BCF427E00F35189 /* LICENSE.md */ = {isa = PBXFileReference; lastKnownFileType = net.daringfireball.markdown; path = LICENSE.md; sourceTree = "<group>"; };
/* End PBXFileReference section */

/* Begin PBXFrameworksBuildPhase section */
		0516165E29BEA01D008FFEF2 /* Frameworks */ = {
			isa = PBXFrameworksBuildPhase;
			buildActionMask = 2147483647;
			files = (
			);
			runOnlyForDeploymentPostprocessing = 0;
		};
/* End PBXFrameworksBuildPhase section */

/* Begin PBXGroup section */
		0516165729BEA01D008FFEF2 = {
			isa = PBXGroup;
			children = (
				054263E22BCF400800F35189 /* .gitignore */,
				054263E02BCF3F2500F35189 /* README.md */,
				054263E42BCF427E00F35189 /* LICENSE.md */,
				0516166E29BEA03B008FFEF2 /* zipwrapped */,
				0516167829BEA06F008FFEF2 /* minizip.xcodeproj */,
				0516166129BEA01D008FFEF2 /* Products */,
			);
			sourceTree = "<group>";
		};
		0516166129BEA01D008FFEF2 /* Products */ = {
			isa = PBXGroup;
			children = (
				0516166029BEA01D008FFEF2 /* libzipwrapped.a */,
			);
			name = Products;
			sourceTree = "<group>";
		};
		0516166E29BEA03B008FFEF2 /* zipwrapped */ = {
			isa = PBXGroup;
			children = (
				0516166F29BEA03B008FFEF2 /* zip.hpp */,
				0516167229BEA03B008FFEF2 /* zip.cpp */,
				0516167129BEA03B008FFEF2 /* unzip.hpp */,
				0516167029BEA03B008FFEF2 /* unzip.cpp */,
			);
			path = zipwrapped;
			sourceTree = "<group>";
		};
		0516167929BEA06F008FFEF2 /* Products */ = {
			isa = PBXGroup;
			children = (
				0516167D29BEA06F008FFEF2 /* libminizip.a */,
			);
			name = Products;
			sourceTree = "<group>";
		};
/* End PBXGroup section */

/* Begin PBXHeadersBuildPhase section */
		0516165C29BEA01D008FFEF2 /* Headers */ = {
			isa = PBXHeadersBuildPhase;
			buildActionMask = 2147483647;
			files = (
				0516167329BEA03B008FFEF2 /* zip.hpp in Headers */,
				0516167529BEA03B008FFEF2 /* unzip.hpp in Headers */,
			);
			runOnlyForDeploymentPostprocessing = 0;
		};
/* End PBXHeadersBuildPhase section */

/* Begin PBXNativeTarget section */
		0516165F29BEA01D008FFEF2 /* zipwrapped */ = {
			isa = PBXNativeTarget;
			buildConfigurationList = 0516166B29BEA01D008FFEF2 /* Build configuration list for PBXNativeTarget "zipwrapped" */;
			buildPhases = (
				0516165C29BEA01D008FFEF2 /* Headers */,
				0516165D29BEA01D008FFEF2 /* Sources */,
				0516165E29BEA01D008FFEF2 /* Frameworks */,
			);
			buildRules = (
			);
			dependencies = (
			);
			name = zipwrapped;
			productName = zipwrapped;
			productReference = 0516166029BEA01D008FFEF2 /* libzipwrapped.a */;
			productType = "com.apple.product-type.library.static";
		};
/* End PBXNativeTarget section */

/* Begin PBXProject section */
		0516165829BEA01D008FFEF2 /* Project object */ = {
			isa = PBXProject;
			attributes = {
				BuildIndependentTargetsInParallel = 1;
				LastUpgradeCheck = 1420;
				TargetAttributes = {
					0516165F29BEA01D008FFEF2 = {
						CreatedOnToolsVersion = 14.2;
					};
				};
			};
			buildConfigurationList = 0516165B29BEA01D008FFEF2 /* Build configuration list for PBXProject "zipwrapped" */;
			compatibilityVersion = "Xcode 14.0";
			developmentRegion = en;
			hasScannedForEncodings = 0;
			knownRegions = (
				en,
				Base,
			);
			mainGroup = 0516165729BEA01D008FFEF2;
			productRefGroup = 0516166129BEA01D008FFEF2 /* Products */;
			projectDirPath = "";
			projectReferences = (
				{
					ProductGroup = 0516167929BEA06F008FFEF2 /* Products */;
					ProjectRef = 0516167829BEA06F008FFEF2 /* minizip.xcodeproj */;
				},
			);
			projectRoot = "";
			targets = (
				0516165F29BEA01D008FFEF2 /* zipwrapped */,
			);
		};
/* End PBXProject section */

/* Begin PBXReferenceProxy section */
		0516167D29BEA06F008FFEF2 /* libminizip.a */ = {
			isa = PBXReferenceProxy;
			fileType = archive.ar;
			path = libminizip.a;
			remoteRef = 0516167C29BEA06F008FFEF2 /* PBXContainerItemProxy */;
			sourceTree = BUILT_PRODUCTS_DIR;
		};
/* End PBXReferenceProxy section */

/* Begin PBXSourcesBuildPhase section */
		0516165D29BEA01D008FFEF2 /* Sources */ = {
			isa = PBXSourcesBuildPhase;
			buildActionMask = 2147483647;
			files = (
				0516167429BEA03B008FFEF2 /* unzip.cpp in Sources */,
				0516167629BEA03B008FFEF2 /* zip.cpp in Sources */,
			);
			runOnlyForDeploymentPostprocessing = 0;
		};
/* End PBXSourcesBuildPhase section */

/* Begin XCBuildConfiguration section */
		0516166929BEA01D008FFEF2 /* Debug */ = {
			isa = XCBuildConfiguration;
			buildSettings = {
				ALWAYS_SEARCH_USER_PATHS = NO;
				CLANG_ANALYZER_NONNULL = YES;
				CLANG_ANALYZER_NUMBER_OBJECT_CONVERSION = YES_AGGRESSIVE;
				CLANG_CXX_LANGUAGE_STANDARD = "gnu++20";
				CLANG_ENABLE_MODULES = YES;
				CLANG_ENABLE_OBJC_ARC = YES;
				CLANG_ENABLE_OBJC_WEAK = YES;
				CLANG_WARN_BLOCK_CAPTURE_AUTORELEASING = YES;
				CLANG_WARN_BOOL_CONVERSION = YES;
				CLANG_WARN_COMMA = YES;
				CLANG_WARN_CONSTANT_CONVERSION = YES;
				CLANG_WARN_DEPRECATED_OBJC_IMPLEMENTATIONS = YES;
				CLANG_WARN_DIRECT_OBJC_ISA_USAGE = YES_ERROR;
				CLANG_WARN_DOCUMENTATION_COMMENTS = YES;
				CLANG_WARN_EMPTY_BODY = YES;
				CLANG_WARN_ENUM_CONVERSION = YES;
				CLANG_WARN_INFINITE_RECURSION = YES;
				CLANG_WARN_INT_CONVERSION = YES;
				CLANG_WARN_NON_LITERAL_NULL_CONVERSION = YES;
				CLANG_WARN_OBJC_IMPLICIT_RETAIN_SELF = YES;
				CLANG_WARN_OBJC_LITERAL_CONVERSION = YES;
				CLANG_WARN_OBJC_ROOT_CLASS = YES_ERROR;
				CLANG_WARN_QUOTED_INCLUDE_IN_FRAMEWORK_HEADER = YES;
				CLANG_WARN_RANGE_LOOP_ANALYSIS = YES;
				CLANG_WARN_STRICT_PROTOTYPES = YES;
				CLANG_WARN_SUSPICIOUS_MOVE = YES;
				CLANG_WARN_UNGUARDED_AVAILABILITY = YES_AGGRESSIVE;
				CLANG_WARN_UNREACHABLE_CODE = YES;
				CLANG_WARN__DUPLICATE_METHOD_MATCH = YES;
				COPY_PHASE_STRIP = NO;
				DEBUG_INFORMATION_FORMAT = dwarf;
				ENABLE_STRICT_OBJC_MSGSEND = YES;
				ENABLE_TESTABILITY = YES;
				GCC_C_LANGUAGE_STANDARD = gnu11;
				GCC_DYNAMIC_NO_PIC = NO;
				GCC_NO_COMMON_BLOCKS = YES;
				GCC_OPTIMIZATION_LEVEL = 0;
				GCC_PREPROCESSOR_DEFINITIONS = (
					"DEBUG=1",
					"$(inherited)",
				);
				GCC_WARN_64_TO_32_BIT_CONVERSION = YES;
				GCC_WARN_ABOUT_RETURN_TYPE = YES_ERROR;
				GCC_WARN_UNDECLARED_SELECTOR = YES;
				GCC_WARN_UNINITIALIZED_AUTOS = YES_AGGRESSIVE;
				GCC_WARN_UNUSED_FUNCTION = YES;
				GCC_WARN_UNUSED_VARIABLE = YES;
				MACOSX_DEPLOYMENT_TARGET = 13.1;
				MTL_ENABLE_DEBUG_INFO = INCLUDE_SOURCE;
				MTL_FAST_MATH = YES;
				ONLY_ACTIVE_ARCH = YES;
				SDKROOT = macosx;
			};
			name = Debug;
		};
		0516166A29BEA01D008FFEF2 /* Release */ = {
			isa = XCBuildConfiguration;
			buildSettings = {
				ALWAYS_SEARCH_USER_PATHS = NO;
				CLANG_ANALYZER_NONNULL = YES;
				CLANG_ANALYZER_NUMBER_OBJECT_CONVERSION = YES_AGGRESSIVE;
				CLANG_CXX_LANGUAGE_STANDARD = "gnu++20";
				CLANG_ENABLE_MODULES = YES;
				CLANG_ENABLE_OBJC_ARC = YES;
				CLANG_ENABLE_OBJC_WEAK = YES;
				CLANG_WARN_BLOCK_CAPTURE_AUTORELEASING = YES;
				CLANG_WARN_BOOL_CONVERSION = YES;
				CLANG_WARN_COMMA = YES;
				CLANG_WARN_CONSTANT_CONVERSION = YES;
				CLANG_WARN_DEPRECATED_OBJC_IMPLEMENTATIONS = YES;
				CLANG_WARN_DIRECT_OBJC_ISA_USAGE = YES_ERROR;
				CLANG_WARN_DOCUMENTATION_COMMENTS = YES;
				CLANG_WARN_EMPTY_BODY = YES;
				CLANG_WARN_ENUM_CONVERSION = YES;
				CLANG_WARN_INFINITE_RECURSION = YES;
				CLANG_WARN_INT_CONVERSION = YES;
				CLANG_WARN_NON_LITERAL_NULL_CONVERSION = YES;
				CLANG_WARN_OBJC_IMPLICIT_RETAIN_SELF = YES;
				CLANG_WARN_OBJC_LITERAL_CONVERSION = YES;
				CLANG_WARN_OBJC_ROOT_CLASS = YES_ERROR;
				CLANG_WARN_QUOTED_INCLUDE_IN_FRAMEWORK_HEADER = YES;
				CLANG_WARN_RANGE_LOOP_ANALYSIS = YES;
				CLANG_WARN_STRICT_PROTOTYPES = YES;
				CLANG_WARN_SUSPICIOUS_MOVE = YES;
				CLANG_WARN_UNGUARDED_AVAILABILITY = YES_AGGRESSIVE;
				CLANG_WARN_UNREACHABLE_CODE = YES;
				CLANG_WARN__DUPLICATE_METHOD_MATCH = YES;
				COPY_PHASE_STRIP = NO;
				DEBUG_INFORMATION_FORMAT = "dwarf-with-dsym";
				ENABLE_NS_ASSERTIONS = NO;
				ENABLE_STRICT_OBJC_MSGSEND = YES;
				GCC_C_LANGUAGE_STANDARD = gnu11;
				GCC_NO_COMMON_BLOCKS = YES;
				GCC_WARN_64_TO_32_BIT_CONVERSION = YES;
				GCC_WARN_ABOUT_RETURN_TYPE = YES_ERROR;
				GCC_WARN_UNDECLARED_SELECTOR = YES;
				GCC_WARN_UNINITIALIZED_AUTOS = YES_AGGRESSIVE;
				GCC_WARN_UNUSED_FUNCTION = YES;
				GCC_WARN_UNUSED_VARIABLE = YES;
				MACOSX_DEPLOYMENT_TARGET = 13.1;
				MTL_ENABLE_DEBUG_INFO = NO;
				MTL_FAST_MATH = YES;
				SDKROOT = macosx;
			};
			name = Release;
		};
		0516166C29BEA01D008FFEF2 /* Debug */ = {
			isa = XCBuildConfiguration;
			buildSettings = {
				CODE_SIGN_STYLE = Automatic;
				DEVELOPMENT_TEAM = 6E8HN7533X;
				EXECUTABLE_PREFIX = lib;
				GCC_ENABLE_CPP_EXCEPTIONS = YES;
				GCC_ENABLE_CPP_RTTI = YES;
				HEADER_SEARCH_PATHS = ../minizip/minizip;
				PRODUCT_NAME = "$(TARGET_NAME)";
				SKIP_INSTALL = YES;
			};
			name = Debug;
		};
		0516166D29BEA01D008FFEF2 /* Release */ = {
			isa = XCBuildConfiguration;
			buildSettings = {
				CODE_SIGN_STYLE = Automatic;
				DEVELOPMENT_TEAM = 6E8HN7533X;
				EXECUTABLE_PREFIX = lib;
				GCC_ENABLE_CPP_EXCEPTIONS = YES;
				GCC_ENABLE_CPP_RTTI = YES;
				HEADER_SEARCH_PATHS = ../minizip/minizip;
				PRODUCT_NAME = "$(TARGET_NAME)";
				SKIP_INSTALL = YES;
			};
			name = Release;
		};
/* End XCBuildConfiguration section */

/* Begin XCConfigurationList section */
		0516165B29BEA01D008FFEF2 /* Build configuration list for PBXProject "zipwrapped" */ = {
			isa = XCConfigurationList;
			buildConfigurations = (
				0516166929BEA01D008FFEF2 /* Debug */,
				0516166A29BEA01D008FFEF2 /* Release */,
			);
			defaultConfigurationIsVisible = 0;
			defaultConfigurationName = Release;
		};
		0516166B29BEA01D008FFEF2 /* Build configuration list for PBXNativeTarget "zipwrapped" */ = {
			isa = XCConfigurationList;
			buildConfigurations = (
				0516166C29BEA01D008FFEF2 /* Debug */,
				0516166D29BEA01D008FFEF2 /* Release */,
			);
			defaultConfigurationIsVisible = 0;
			defaultConfigurationName = Release;
		};
/* End XCConfigurationList section */
	};
	rootObject = 0516165829BEA01D008FFEF2 /* Project object */;
}
